
Microsoft Visual Studio Solution File, Format Version 11.00
# Visual Studio 2010
Project("{FAE04EC0-301F-11D3-BF4B-00C04F79EFBC}") = "Unity.Timeline", "Unity.Timeline.csproj", "{3d6ec57b-bde0-0005-866d-e43aac6710ae}"
EndProject
Project("{FAE04EC0-301F-11D3-BF4B-00C04F79EFBC}") = "Unity.Timeline.Editor", "Unity.Timeline.Editor.csproj", "{f36f44a0-46e6-eb03-4bbc-6d79c5ec34a3}"
EndProject
Project("{FAE04EC0-301F-11D3-BF4B-00C04F79EFBC}") = "Unity.TextMeshPro.Editor", "Unity.TextMeshPro.Editor.csproj", "{d1f6fe67-49c3-bd20-1b13-9d68a2cc804f}"
EndProject
Project("{FAE04EC0-301F-11D3-BF4B-00C04F79EFBC}") = "Unity.VisualScripting.Flow", "Unity.VisualScripting.Flow.csproj", "{5f636b4b-bc34-e462-6fbd-c32473164e7b}"
EndProject
Project("{FAE04EC0-301F-11D3-BF4B-00C04F79EFBC}") = "Assembly-CSharp", "Assembly-CSharp.csproj", "{26dace78-da68-ff1a-5826-632b34a91d22}"
EndProject
Project("{FAE04EC0-301F-11D3-BF4B-00C04F79EFBC}") = "Unity.PlasticSCM.Editor", "Unity.PlasticSCM.Editor.csproj", "{be179518-2edc-5e87-6b84-b09c3a5963c5}"
EndProject
Project("{FAE04EC0-301F-11D3-BF4B-00C04F79EFBC}") = "Unity.InputSystem", "Unity.InputSystem.csproj", "{748a2ffd-15d1-8642-f1c0-c1a6e30bbe4f}"
EndProject
Project("{FAE04EC0-301F-11D3-BF4B-00C04F79EFBC}") = "Unity.VisualScripting.Core", "Unity.VisualScripting.Core.csproj", "{86c804ef-ff86-2727-7950-148a07821542}"
EndProject
Project("{FAE04EC0-301F-11D3-BF4B-00C04F79EFBC}") = "Unity.VisualScripting.Core.Editor", "Unity.VisualScripting.Core.Editor.csproj", "{1cc797c4-ebed-b47a-7dda-84357babab58}"
EndProject
Project("{FAE04EC0-301F-11D3-BF4B-00C04F79EFBC}") = "Unity.VisualScripting.Flow.Editor", "Unity.VisualScripting.Flow.Editor.csproj", "{7d6a412c-ff12-d565-9374-1b9a5449769d}"
EndProject
Project("{FAE04EC0-301F-11D3-BF4B-00C04F79EFBC}") = "UnityEditor.TestRunner", "UnityEditor.TestRunner.csproj", "{e993ddf6-463b-92c8-54aa-d6c34fefd75f}"
EndProject
Project("{FAE04EC0-301F-11D3-BF4B-00C04F79EFBC}") = "Unity.VisualScripting.SettingsProvider.Editor", "Unity.VisualScripting.SettingsProvider.Editor.csproj", "{cc79ba62-cd66-73de-aea5-42b05af8cbd1}"
EndProject
Project("{FAE04EC0-301F-11D3-BF4B-00C04F79EFBC}") = "UnityEngine.TestRunner", "UnityEngine.TestRunner.csproj", "{b7141cbc-212a-983b-5a4e-5bcebc4a32b3}"
EndProject
Project("{FAE04EC0-301F-11D3-BF4B-00C04F79EFBC}") = "Unity.VisualStudio.Editor", "Unity.VisualStudio.Editor.csproj", "{5cf8908c-f1e2-5afb-617a-552e68233f37}"
EndProject
Project("{FAE04EC0-301F-11D3-BF4B-00C04F79EFBC}") = "Unity.TestTools.CodeCoverage.Editor.OpenCover.Model", "Unity.TestTools.CodeCoverage.Editor.OpenCover.Model.csproj", "{eb4437ce-3868-50e0-c475-a6d22d6a30c1}"
EndProject
Project("{FAE04EC0-301F-11D3-BF4B-00C04F79EFBC}") = "Unity.Rider.Editor", "Unity.Rider.Editor.csproj", "{11ace63d-02d5-df89-db8c-4d00a0b149a8}"
EndProject
Project("{FAE04EC0-301F-11D3-BF4B-00C04F79EFBC}") = "Unity.VisualScripting.State.Editor", "Unity.VisualScripting.State.Editor.csproj", "{c06768dd-e6f4-1062-d6bd-961de17450c1}"
EndProject
Project("{FAE04EC0-301F-11D3-BF4B-00C04F79EFBC}") = "Unity.TestTools.CodeCoverage.Editor", "Unity.TestTools.CodeCoverage.Editor.csproj", "{202e8c47-9551-41ce-5501-c0af2df79453}"
EndProject
Project("{FAE04EC0-301F-11D3-BF4B-00C04F79EFBC}") = "Unity.VisualScripting.State", "Unity.VisualScripting.State.csproj", "{f8c5e15e-7ee5-887f-ae77-0e3636e8a78a}"
EndProject
Project("{FAE04EC0-301F-11D3-BF4B-00C04F79EFBC}") = "Unity.TextMeshPro", "Unity.TextMeshPro.csproj", "{c073d98f-1d77-a6aa-886c-8208832d9045}"
EndProject
Project("{FAE04EC0-301F-11D3-BF4B-00C04F79EFBC}") = "Unity.Performance.Profile-Analyzer.Editor", "Unity.Performance.Profile-Analyzer.Editor.csproj", "{fb18575b-572f-bad6-9158-62427a6c381d}"
EndProject
Project("{FAE04EC0-301F-11D3-BF4B-00C04F79EFBC}") = "Unity.VSCode.Editor", "Unity.VSCode.Editor.csproj", "{d6a99f21-722b-c092-95a3-f5a700b40edc}"
EndProject
Project("{FAE04EC0-301F-11D3-BF4B-00C04F79EFBC}") = "Unity.TestTools.CodeCoverage.Editor.OpenCover.Mono.Reflection", "Unity.TestTools.CodeCoverage.Editor.OpenCover.Mono.Reflection.csproj", "{142a4e73-15f9-a5e7-1896-58efbaf59bbe}"
EndProject
Project("{FAE04EC0-301F-11D3-BF4B-00C04F79EFBC}") = "Unity.Settings.Editor", "Unity.Settings.Editor.csproj", "{c967e643-ffe1-ac65-c132-5474c08e9c42}"
EndProject
Project("{FAE04EC0-301F-11D3-BF4B-00C04F79EFBC}") = "Unity.InputSystem.ForUI", "Unity.InputSystem.ForUI.csproj", "{17967010-3c68-c094-346a-21353b481a18}"
EndProject
Project("{FAE04EC0-301F-11D3-BF4B-00C04F79EFBC}") = "Unity.EditorCoroutines.Editor", "Unity.EditorCoroutines.Editor.csproj", "{670d6f2d-e795-337d-f101-d8148ee1627a}"
EndProject
Project("{FAE04EC0-301F-11D3-BF4B-00C04F79EFBC}") = "Unity.InputSystem.TestFramework", "Unity.InputSystem.TestFramework.csproj", "{d12ba2b7-4b2a-15ff-5463-a810eb89c712}"
EndProject
Project("{FAE04EC0-301F-11D3-BF4B-00C04F79EFBC}") = "Unity.VisualScripting.Shared.Editor", "Unity.VisualScripting.Shared.Editor.csproj", "{916cda97-cec7-f578-667d-185e5bbbc996}"
EndProject
Project("{FAE04EC0-301F-11D3-BF4B-00C04F79EFBC}") = "Unity.CollabProxy.Editor", "Unity.CollabProxy.Editor.csproj", "{9140d518-2d9b-9f61-9e9e-f3ee0bce4991}"
EndProject
Project("{FAE04EC0-301F-11D3-BF4B-00C04F79EFBC}") = "Assembly-CSharp-Editor", "Assembly-CSharp-Editor.csproj", "{36d15dbb-80e5-8e18-29ae-c444a9d979f2}"
EndProject
Project("{FAE04EC0-301F-11D3-BF4B-00C04F79EFBC}") = "Unity.TextMeshPro.Tests", "Unity.TextMeshPro.Tests.csproj", "{b622dfb3-9927-2aeb-6a33-e938efafdcf8}"
EndProject
Project("{FAE04EC0-301F-11D3-BF4B-00C04F79EFBC}") = "DocCodeExamples", "DocCodeExamples.csproj", "{969ce8cc-db6f-89d8-41bb-c08db1960624}"
EndProject
Project("{FAE04EC0-301F-11D3-BF4B-00C04F79EFBC}") = "Unity.TestTools.CodeCoverage.Editor.Compatibility", "Unity.TestTools.CodeCoverage.Editor.Compatibility.csproj", "{0a778bdc-b320-a426-9e33-484e91b3831f}"
EndProject
Project("{FAE04EC0-301F-11D3-BF4B-00C04F79EFBC}") = "Unity.TextMeshPro.Editor.Tests", "Unity.TextMeshPro.Editor.Tests.csproj", "{b8193028-d7bc-fc2c-0875-537a22ff6fae}"
EndProject
Project("{FAE04EC0-301F-11D3-BF4B-00C04F79EFBC}") = "Unity.InputSystem.IntegrationTests", "Unity.InputSystem.IntegrationTests.csproj", "{55edf9fc-b950-d6d3-f53f-e23024cc5424}"
EndProject
Project("{FAE04EC0-301F-11D3-BF4B-00C04F79EFBC}") = "Unity.Settings.Tests", "Unity.Settings.Tests.csproj", "{d3b988cf-0d20-461a-6e6b-6c4a145364a9}"
EndProject
Project("{FAE04EC0-301F-11D3-BF4B-00C04F79EFBC}") = "Unity.Performance.Profile-Analyzer.EditorTests", "Unity.Performance.Profile-Analyzer.EditorTests.csproj", "{e7b59027-fa48-f6ce-8444-6d63cfbb6e95}"
EndProject
Global
	GlobalSection(SolutionConfigurationPlatforms) = preSolution
		Debug|Any CPU = Debug|Any CPU
	EndGlobalSection
	GlobalSection(ProjectConfigurationPlatforms) = postSolution
		{3d6ec57b-bde0-0005-866d-e43aac6710ae}.Debug|Any CPU.ActiveCfg = Debug|Any CPU
		{3d6ec57b-bde0-0005-866d-e43aac6710ae}.Debug|Any CPU.Build.0 = Debug|Any CPU
		{f36f44a0-46e6-eb03-4bbc-6d79c5ec34a3}.Debug|Any CPU.ActiveCfg = Debug|Any CPU
		{f36f44a0-46e6-eb03-4bbc-6d79c5ec34a3}.Debug|Any CPU.Build.0 = Debug|Any CPU
		{d1f6fe67-49c3-bd20-1b13-9d68a2cc804f}.Debug|Any CPU.ActiveCfg = Debug|Any CPU
		{d1f6fe67-49c3-bd20-1b13-9d68a2cc804f}.Debug|Any CPU.Build.0 = Debug|Any CPU
		{5f636b4b-bc34-e462-6fbd-c32473164e7b}.Debug|Any CPU.ActiveCfg = Debug|Any CPU
		{5f636b4b-bc34-e462-6fbd-c32473164e7b}.Debug|Any CPU.Build.0 = Debug|Any CPU
		{26dace78-da68-ff1a-5826-632b34a91d22}.Debug|Any CPU.ActiveCfg = Debug|Any CPU
		{26dace78-da68-ff1a-5826-632b34a91d22}.Debug|Any CPU.Build.0 = Debug|Any CPU
		{be179518-2edc-5e87-6b84-b09c3a5963c5}.Debug|Any CPU.ActiveCfg = Debug|Any CPU
		{be179518-2edc-5e87-6b84-b09c3a5963c5}.Debug|Any CPU.Build.0 = Debug|Any CPU
		{748a2ffd-15d1-8642-f1c0-c1a6e30bbe4f}.Debug|Any CPU.ActiveCfg = Debug|Any CPU
		{748a2ffd-15d1-8642-f1c0-c1a6e30bbe4f}.Debug|Any CPU.Build.0 = Debug|Any CPU
		{86c804ef-ff86-2727-7950-148a07821542}.Debug|Any CPU.ActiveCfg = Debug|Any CPU
		{86c804ef-ff86-2727-7950-148a07821542}.Debug|Any CPU.Build.0 = Debug|Any CPU
		{1cc797c4-ebed-b47a-7dda-84357babab58}.Debug|Any CPU.ActiveCfg = Debug|Any CPU
		{1cc797c4-ebed-b47a-7dda-84357babab58}.Debug|Any CPU.Build.0 = Debug|Any CPU
		{7d6a412c-ff12-d565-9374-1b9a5449769d}.Debug|Any CPU.ActiveCfg = Debug|Any CPU
		{7d6a412c-ff12-d565-9374-1b9a5449769d}.Debug|Any CPU.Build.0 = Debug|Any CPU
		{e993ddf6-463b-92c8-54aa-d6c34fefd75f}.Debug|Any CPU.ActiveCfg = Debug|Any CPU
		{e993ddf6-463b-92c8-54aa-d6c34fefd75f}.Debug|Any CPU.Build.0 = Debug|Any CPU
		{cc79ba62-cd66-73de-aea5-42b05af8cbd1}.Debug|Any CPU.ActiveCfg = Debug|Any CPU
		{cc79ba62-cd66-73de-aea5-42b05af8cbd1}.Debug|Any CPU.Build.0 = Debug|Any CPU
		{b7141cbc-212a-983b-5a4e-5bcebc4a32b3}.Debug|Any CPU.ActiveCfg = Debug|Any CPU
		{b7141cbc-212a-983b-5a4e-5bcebc4a32b3}.Debug|Any CPU.Build.0 = Debug|Any CPU
		{5cf8908c-f1e2-5afb-617a-552e68233f37}.Debug|Any CPU.ActiveCfg = Debug|Any CPU
		{5cf8908c-f1e2-5afb-617a-552e68233f37}.Debug|Any CPU.Build.0 = Debug|Any CPU
		{eb4437ce-3868-50e0-c475-a6d22d6a30c1}.Debug|Any CPU.ActiveCfg = Debug|Any CPU
		{eb4437ce-3868-50e0-c475-a6d22d6a30c1}.Debug|Any CPU.Build.0 = Debug|Any CPU
		{11ace63d-02d5-df89-db8c-4d00a0b149a8}.Debug|Any CPU.ActiveCfg = Debug|Any CPU
		{11ace63d-02d5-df89-db8c-4d00a0b149a8}.Debug|Any CPU.Build.0 = Debug|Any CPU
		{c06768dd-e6f4-1062-d6bd-961de17450c1}.Debug|Any CPU.ActiveCfg = Debug|Any CPU
		{c06768dd-e6f4-1062-d6bd-961de17450c1}.Debug|Any CPU.Build.0 = Debug|Any CPU
		{202e8c47-9551-41ce-5501-c0af2df79453}.Debug|Any CPU.ActiveCfg = Debug|Any CPU
		{202e8c47-9551-41ce-5501-c0af2df79453}.Debug|Any CPU.Build.0 = Debug|Any CPU
		{f8c5e15e-7ee5-887f-ae77-0e3636e8a78a}.Debug|Any CPU.ActiveCfg = Debug|Any CPU
		{f8c5e15e-7ee5-887f-ae77-0e3636e8a78a}.Debug|Any CPU.Build.0 = Debug|Any CPU
		{c073d98f-1d77-a6aa-886c-8208832d9045}.Debug|Any CPU.ActiveCfg = Debug|Any CPU
		{c073d98f-1d77-a6aa-886c-8208832d9045}.Debug|Any CPU.Build.0 = Debug|Any CPU
		{fb18575b-572f-bad6-9158-62427a6c381d}.Debug|Any CPU.ActiveCfg = Debug|Any CPU
		{fb18575b-572f-bad6-9158-62427a6c381d}.Debug|Any CPU.Build.0 = Debug|Any CPU
		{d6a99f21-722b-c092-95a3-f5a700b40edc}.Debug|Any CPU.ActiveCfg = Debug|Any CPU
		{d6a99f21-722b-c092-95a3-f5a700b40edc}.Debug|Any CPU.Build.0 = Debug|Any CPU
		{142a4e73-15f9-a5e7-1896-58efbaf59bbe}.Debug|Any CPU.ActiveCfg = Debug|Any CPU
		{142a4e73-15f9-a5e7-1896-58efbaf59bbe}.Debug|Any CPU.Build.0 = Debug|Any CPU
		{c967e643-ffe1-ac65-c132-5474c08e9c42}.Debug|Any CPU.ActiveCfg = Debug|Any CPU
		{c967e643-ffe1-ac65-c132-5474c08e9c42}.Debug|Any CPU.Build.0 = Debug|Any CPU
		{17967010-3c68-c094-346a-21353b481a18}.Debug|Any CPU.ActiveCfg = Debug|Any CPU
		{17967010-3c68-c094-346a-21353b481a18}.Debug|Any CPU.Build.0 = Debug|Any CPU
		{670d6f2d-e795-337d-f101-d8148ee1627a}.Debug|Any CPU.ActiveCfg = Debug|Any CPU
		{670d6f2d-e795-337d-f101-d8148ee1627a}.Debug|Any CPU.Build.0 = Debug|Any CPU
		{d12ba2b7-4b2a-15ff-5463-a810eb89c712}.Debug|Any CPU.ActiveCfg = Debug|Any CPU
		{d12ba2b7-4b2a-15ff-5463-a810eb89c712}.Debug|Any CPU.Build.0 = Debug|Any CPU
		{916cda97-cec7-f578-667d-185e5bbbc996}.Debug|Any CPU.ActiveCfg = Debug|Any CPU
		{916cda97-cec7-f578-667d-185e5bbbc996}.Debug|Any CPU.Build.0 = Debug|Any CPU
		{9140d518-2d9b-9f61-9e9e-f3ee0bce4991}.Debug|Any CPU.ActiveCfg = Debug|Any CPU
		{9140d518-2d9b-9f61-9e9e-f3ee0bce4991}.Debug|Any CPU.Build.0 = Debug|Any CPU
		{36d15dbb-80e5-8e18-29ae-c444a9d979f2}.Debug|Any CPU.ActiveCfg = Debug|Any CPU
		{36d15dbb-80e5-8e18-29ae-c444a9d979f2}.Debug|Any CPU.Build.0 = Debug|Any CPU
		{b622dfb3-9927-2aeb-6a33-e938efafdcf8}.Debug|Any CPU.ActiveCfg = Debug|Any CPU
		{b622dfb3-9927-2aeb-6a33-e938efafdcf8}.Debug|Any CPU.Build.0 = Debug|Any CPU
		{969ce8cc-db6f-89d8-41bb-c08db1960624}.Debug|Any CPU.ActiveCfg = Debug|Any CPU
		{969ce8cc-db6f-89d8-41bb-c08db1960624}.Debug|Any CPU.Build.0 = Debug|Any CPU
		{0a778bdc-b320-a426-9e33-484e91b3831f}.Debug|Any CPU.ActiveCfg = Debug|Any CPU
		{0a778bdc-b320-a426-9e33-484e91b3831f}.Debug|Any CPU.Build.0 = Debug|Any CPU
		{b8193028-d7bc-fc2c-0875-537a22ff6fae}.Debug|Any CPU.ActiveCfg = Debug|Any CPU
		{b8193028-d7bc-fc2c-0875-537a22ff6fae}.Debug|Any CPU.Build.0 = Debug|Any CPU
		{55edf9fc-b950-d6d3-f53f-e23024cc5424}.Debug|Any CPU.ActiveCfg = Debug|Any CPU
		{55edf9fc-b950-d6d3-f53f-e23024cc5424}.Debug|Any CPU.Build.0 = Debug|Any CPU
		{d3b988cf-0d20-461a-6e6b-6c4a145364a9}.Debug|Any CPU.ActiveCfg = Debug|Any CPU
		{d3b988cf-0d20-461a-6e6b-6c4a145364a9}.Debug|Any CPU.Build.0 = Debug|Any CPU
		{e7b59027-fa48-f6ce-8444-6d63cfbb6e95}.Debug|Any CPU.ActiveCfg = Debug|Any CPU
		{e7b59027-fa48-f6ce-8444-6d63cfbb6e95}.Debug|Any CPU.Build.0 = Debug|Any CPU
	EndGlobalSection
	GlobalSection(SolutionProperties) = preSolution
		HideSolutionNode = FALSE
	EndGlobalSection
EndGlobal
